
Microsoft Visual Studio Solution File, Format Version 12.00
# Visual Studio Version 17
VisualStudioVersion = 17.0.31903.59
MinimumVisualStudioVersion = 10.0.40219.1
Project("{FAE04EC0-301F-11D3-BF4B-00C04F79EFBC}") = "CommandLine", "Src\CommandLine\CommandLine.csproj", "{FD484006-8691-479A-AB62-E53C18A22147}"
EndProject
Project("{FAE04EC0-301F-11D3-BF4B-00C04F79EFBC}") = "Core", "Src\Core\Core.csproj", "{68927D62-1154-4753-B391-A35DE5EC94DC}"
EndProject
Project("{FAE04EC0-301F-11D3-BF4B-00C04F79EFBC}") = "Debugger", "Src\Debugger\Debugger.csproj", "{488FAF21-FD12-4959-A0CD-AD797BE0AE9A}"
EndProject
Project("{FAE04EC0-301F-11D3-BF4B-00C04F79EFBC}") = "Tests", "Src\Tests\Tests.csproj", "{0C314566-DD57-4BEA-BCEF-59260FC86E13}"
EndProject
Project("{FAE04EC0-301F-11D3-BF4B-00C04F79EFBC}") = "InteractiveKernel", "Src\Kernel\InteractiveKernel\InteractiveKernel.csproj", "{AEDC78D4-03BF-437E-8D86-3B2EE0E88FE9}"
EndProject
Project("{FAE04EC0-301F-11D3-BF4B-00C04F79EFBC}") = "jupyter-core", "Src\Kernel\jupyter-core\src\jupyter-core.csproj", "{C6C918CA-AE3F-4F06-9DAB-A3D987CA1701}"
EndProject
Project("{FAE04EC0-301F-11D3-BF4B-00C04F79EFBC}") = "FormulaCodeGeneratorTaskDotNet", "Src\Extensions\FormulaCodeGeneratorTask\FormulaCodeGeneratorTaskDotNet.csproj", "{D30AD65D-8EE6-4230-9AD7-55775711BBBA}"
EndProject
Global
	GlobalSection(SolutionConfigurationPlatforms) = preSolution
		Debug|ARM64 = Debug|ARM64
		Release|ARM64 = Release|ARM64
		Debug|x64 = Debug|x64
		Release|x64 = Release|x64
	EndGlobalSection
	GlobalSection(SolutionProperties) = preSolution
		HideSolutionNode = FALSE
	EndGlobalSection
	GlobalSection(ProjectConfigurationPlatforms) = postSolution
		{FD484006-8691-479A-AB62-E53C18A22147}.Debug|ARM64.ActiveCfg = Debug|ARM64
		{FD484006-8691-479A-AB62-E53C18A22147}.Debug|ARM64.Build.0 = Debug|ARM64
		{FD484006-8691-479A-AB62-E53C18A22147}.Release|ARM64.ActiveCfg = Release|ARM64
		{FD484006-8691-479A-AB62-E53C18A22147}.Release|ARM64.Build.0 = Release|ARM64
		{68927D62-1154-4753-B391-A35DE5EC94DC}.Debug|ARM64.ActiveCfg = Debug|ARM64
		{68927D62-1154-4753-B391-A35DE5EC94DC}.Debug|ARM64.Build.0 = Debug|ARM64
		{68927D62-1154-4753-B391-A35DE5EC94DC}.Release|ARM64.ActiveCfg = Release|ARM64
		{68927D62-1154-4753-B391-A35DE5EC94DC}.Release|ARM64.Build.0 = Release|ARM64
		{488FAF21-FD12-4959-A0CD-AD797BE0AE9A}.Debug|ARM64.ActiveCfg = Debug|ARM64
		{488FAF21-FD12-4959-A0CD-AD797BE0AE9A}.Debug|ARM64.Build.0 = Debug|ARM64
		{488FAF21-FD12-4959-A0CD-AD797BE0AE9A}.Release|ARM64.ActiveCfg = Release|ARM64
		{488FAF21-FD12-4959-A0CD-AD797BE0AE9A}.Release|ARM64.Build.0 = Release|ARM64
		{0C314566-DD57-4BEA-BCEF-59260FC86E13}.Debug|ARM64.ActiveCfg = Debug|ARM64
		{0C314566-DD57-4BEA-BCEF-59260FC86E13}.Debug|ARM64.Build.0 = Debug|ARM64
		{0C314566-DD57-4BEA-BCEF-59260FC86E13}.Release|ARM64.ActiveCfg = Release|ARM64
		{0C314566-DD57-4BEA-BCEF-59260FC86E13}.Release|ARM64.Build.0 = Release|ARM64
		{AEDC78D4-03BF-437E-8D86-3B2EE0E88FE9}.Debug|ARM64.ActiveCfg = Debug|ARM64
		{AEDC78D4-03BF-437E-8D86-3B2EE0E88FE9}.Debug|ARM64.Build.0 = Debug|ARM64
		{AEDC78D4-03BF-437E-8D86-3B2EE0E88FE9}.Release|ARM64.ActiveCfg = Release|ARM64
		{AEDC78D4-03BF-437E-8D86-3B2EE0E88FE9}.Release|ARM64.Build.0 = Release|ARM64
		{C6C918CA-AE3F-4F06-9DAB-A3D987CA1701}.Debug|ARM64.ActiveCfg = Debug|ARM64
		{C6C918CA-AE3F-4F06-9DAB-A3D987CA1701}.Debug|ARM64.Build.0 = Debug|ARM64
		{C6C918CA-AE3F-4F06-9DAB-A3D987CA1701}.Release|ARM64.ActiveCfg = Release|ARM64
		{C6C918CA-AE3F-4F06-9DAB-A3D987CA1701}.Release|ARM64.Build.0 = Release|ARM64
		{FD484006-8691-479A-AB62-E53C18A22147}.Debug|x64.ActiveCfg = Debug|x64
		{FD484006-8691-479A-AB62-E53C18A22147}.Debug|x64.Build.0 = Debug|x64
		{FD484006-8691-479A-AB62-E53C18A22147}.Release|x64.ActiveCfg = Release|x64
		{FD484006-8691-479A-AB62-E53C18A22147}.Release|x64.Build.0 = Release|x64
		{68927D62-1154-4753-B391-A35DE5EC94DC}.Debug|x64.ActiveCfg = Debug|x64
		{68927D62-1154-4753-B391-A35DE5EC94DC}.Debug|x64.Build.0 = Debug|x64
		{68927D62-1154-4753-B391-A35DE5EC94DC}.Release|x64.ActiveCfg = Release|x64
		{68927D62-1154-4753-B391-A35DE5EC94DC}.Release|x64.Build.0 = Release|x64
		{488FAF21-FD12-4959-A0CD-AD797BE0AE9A}.Debug|x64.ActiveCfg = Debug|x64
		{488FAF21-FD12-4959-A0CD-AD797BE0AE9A}.Debug|x64.Build.0 = Debug|x64
		{488FAF21-FD12-4959-A0CD-AD797BE0AE9A}.Release|x64.ActiveCfg = Release|x64
		{488FAF21-FD12-4959-A0CD-AD797BE0AE9A}.Release|x64.Build.0 = Release|x64
		{0C314566-DD57-4BEA-BCEF-59260FC86E13}.Debug|x64.ActiveCfg = Debug|x64
		{0C314566-DD57-4BEA-BCEF-59260FC86E13}.Debug|x64.Build.0 = Debug|x64
		{0C314566-DD57-4BEA-BCEF-59260FC86E13}.Release|x64.ActiveCfg = Release|x64
		{0C314566-DD57-4BEA-BCEF-59260FC86E13}.Release|x64.Build.0 = Release|x64
		{AEDC78D4-03BF-437E-8D86-3B2EE0E88FE9}.Debug|x64.ActiveCfg = Debug|x64
		{AEDC78D4-03BF-437E-8D86-3B2EE0E88FE9}.Debug|x64.Build.0 = Debug|x64
		{AEDC78D4-03BF-437E-8D86-3B2EE0E88FE9}.Release|x64.ActiveCfg = Release|x64
		{AEDC78D4-03BF-437E-8D86-3B2EE0E88FE9}.Release|x64.Build.0 = Release|x64
		{C6C918CA-AE3F-4F06-9DAB-A3D987CA1701}.Debug|x64.ActiveCfg = Debug|x64
		{C6C918CA-AE3F-4F06-9DAB-A3D987CA1701}.Debug|x64.Build.0 = Debug|x64
		{C6C918CA-AE3F-4F06-9DAB-A3D987CA1701}.Release|x64.ActiveCfg = Release|x64
		{C6C918CA-AE3F-4F06-9DAB-A3D987CA1701}.Release|x64.Build.0 = Release|x64
		{D30AD65D-8EE6-4230-9AD7-55775711BBBA}.Debug|ARM64.ActiveCfg = Debug|ARM64
		{D30AD65D-8EE6-4230-9AD7-55775711BBBA}.Debug|ARM64.Build.0 = Debug|ARM64
		{D30AD65D-8EE6-4230-9AD7-55775711BBBA}.Release|ARM64.ActiveCfg = Release|ARM64
		{D30AD65D-8EE6-4230-9AD7-55775711BBBA}.Release|ARM64.Build.0 = Release|ARM64
		{D30AD65D-8EE6-4230-9AD7-55775711BBBA}.Debug|x64.ActiveCfg = Debug|x64
		{D30AD65D-8EE6-4230-9AD7-55775711BBBA}.Debug|x64.Build.0 = Debug|x64
		{D30AD65D-8EE6-4230-9AD7-55775711BBBA}.Release|x64.ActiveCfg = Release|x64
		{D30AD65D-8EE6-4230-9AD7-55775711BBBA}.Release|x64.Build.0 = Release|x64
	EndGlobalSection
EndGlobal
